GEM
  remote: https://rubygems.org/
  specs:
    colorize (0.8.1)
    filesize (0.1.1)
    minitest (5.11.3)
    net-scp (1.2.1)
      net-ssh (>= 2.6.5)
    net-ssh (4.2.0)
    rake (12.3.0)

PLATFORMS
  ruby

DEPENDENCIES
  colorize (>= 0.8.1)
  filesize (>= 0.1.1)
  minitest (>= 5.11.3)
  net-scp (>= 1.2.1)
  net-ssh (>= 4.1.0)
  rake

BUNDLED WITH
   1.16.1
